// !$*UTF8*$!
{
	archiveVersion = 1;
	classes = {
	};
	objectVersion = 55;
	objects = {

/* Begin PBXBuildFile section */
		D4986C1E2821419F00BCD0B7 /* AppDelegate.swift in Sources */ = {isa = PBXBuildFile; fileRef = D4986C1D2821419F00BCD0B7 /* AppDelegate.swift */; };
		D4986C202821419F00BCD0B7 /* SceneDelegate.swift in Sources */ = {isa = PBXBuildFile; fileRef = D4986C1F2821419F00BCD0B7 /* SceneDelegate.swift */; };
		D4986C27282141A000BCD0B7 /* Assets.xcassets in Resources */ = {isa = PBXBuildFile; fileRef = D4986C26282141A000BCD0B7 /* Assets.xcassets */; };
		D4986C4F2821457B00BCD0B7 /* Foundational in Resources */ = {isa = PBXBuildFile; fileRef = D4986C4E2821457B00BCD0B7 /* Foundational */; };
		D4986C6E28215D8400BCD0B7 /* DailyFXService in Resources */ = {isa = PBXBuildFile; fileRef = D4986C6D28215D8400BCD0B7 /* DailyFXService */; };
		D4986C7228215E1300BCD0B7 /* Foundational in Frameworks */ = {isa = PBXBuildFile; productRef = D4986C7128215E1300BCD0B7 /* Foundational */; };
		D4986C74282166E600BCD0B7 /* Toolkit in Resources */ = {isa = PBXBuildFile; fileRef = D4986C73282166E600BCD0B7 /* Toolkit */; };
		D4986C762821679500BCD0B7 /* Toolkit in Frameworks */ = {isa = PBXBuildFile; productRef = D4986C752821679500BCD0B7 /* Toolkit */; };
		D4DC8C6A28217E8B00F16778 /* Markets+Overview.swift in Sources */ = {isa = PBXBuildFile; fileRef = D4DC8C6928217E8B00F16778 /* Markets+Overview.swift */; };
		D4DC8C6C28217F3100F16778 /* Market+List.swift in Sources */ = {isa = PBXBuildFile; fileRef = D4DC8C6B28217F3100F16778 /* Market+List.swift */; };
		D4FC737A28216A3300A6B98D /* Home.swift in Sources */ = {isa = PBXBuildFile; fileRef = D4FC737928216A3300A6B98D /* Home.swift */; };
		D4FC737D282173EB00A6B98D /* Dashboard+Overview.swift in Sources */ = {isa = PBXBuildFile; fileRef = D4FC737C282173EB00A6B98D /* Dashboard+Overview.swift */; };
		D4FC737F2821740000A6B98D /* NewsStory+List.swift in Sources */ = {isa = PBXBuildFile; fileRef = D4FC737E2821740000A6B98D /* NewsStory+List.swift */; };
		D4FC73812821745000A6B98D /* NewsStory+Detail.swift in Sources */ = {isa = PBXBuildFile; fileRef = D4FC73802821745000A6B98D /* NewsStory+Detail.swift */; };
		D4FF94C12822EF1F00C10CF5 /* OrderedCollections in Frameworks */ = {isa = PBXBuildFile; productRef = D4FF94C02822EF1F00C10CF5 /* OrderedCollections */; };
		D4FF94C42822EF4400C10CF5 /* DailyFXService in Frameworks */ = {isa = PBXBuildFile; productRef = D4FF94C32822EF4400C10CF5 /* DailyFXService */; };
/* End PBXBuildFile section */

/* Begin PBXFileReference section */
		D4986C1A2821419F00BCD0B7 /* DailyFX.app */ = {isa = PBXFileReference; explicitFileType = wrapper.application; includeInIndex = 0; path = DailyFX.app; sourceTree = BUILT_PRODUCTS_DIR; };
		D4986C1D2821419F00BCD0B7 /* AppDelegate.swift */ = {isa = PBXFileReference; lastKnownFileType = sourcecode.swift; path = AppDelegate.swift; sourceTree = "<group>"; };
		D4986C1F2821419F00BCD0B7 /* SceneDelegate.swift */ = {isa = PBXFileReference; lastKnownFileType = sourcecode.swift; path = SceneDelegate.swift; sourceTree = "<group>"; };
		D4986C26282141A000BCD0B7 /* Assets.xcassets */ = {isa = PBXFileReference; lastKnownFileType = folder.assetcatalog; path = Assets.xcassets; sourceTree = "<group>"; };
		D4986C2B282141A000BCD0B7 /* Info.plist */ = {isa = PBXFileReference; lastKnownFileType = text.plist.xml; path = Info.plist; sourceTree = "<group>"; };
		D4986C4E2821457B00BCD0B7 /* Foundational */ = {isa = PBXFileReference; lastKnownFileType = wrapper; path = Foundational; sourceTree = "<group>"; };
		D4986C6D28215D8400BCD0B7 /* DailyFXService */ = {isa = PBXFileReference; lastKnownFileType = wrapper; path = DailyFXService; sourceTree = "<group>"; };
		D4986C73282166E600BCD0B7 /* Toolkit */ = {isa = PBXFileReference; lastKnownFileType = wrapper; path = Toolkit; sourceTree = "<group>"; };
		D4DC8C6928217E8B00F16778 /* Markets+Overview.swift */ = {isa = PBXFileReference; lastKnownFileType = sourcecode.swift; path = "Markets+Overview.swift"; sourceTree = "<group>"; };
		D4DC8C6B28217F3100F16778 /* Market+List.swift */ = {isa = PBXFileReference; lastKnownFileType = sourcecode.swift; path = "Market+List.swift"; sourceTree = "<group>"; };
		D4FC737928216A3300A6B98D /* Home.swift */ = {isa = PBXFileReference; lastKnownFileType = sourcecode.swift; path = Home.swift; sourceTree = "<group>"; };
		D4FC737C282173EB00A6B98D /* Dashboard+Overview.swift */ = {isa = PBXFileReference; lastKnownFileType = sourcecode.swift; path = "Dashboard+Overview.swift"; sourceTree = "<group>"; };
		D4FC737E2821740000A6B98D /* NewsStory+List.swift */ = {isa = PBXFileReference; lastKnownFileType = sourcecode.swift; path = "NewsStory+List.swift"; sourceTree = "<group>"; };
		D4FC73802821745000A6B98D /* NewsStory+Detail.swift */ = {isa = PBXFileReference; lastKnownFileType = sourcecode.swift; path = "NewsStory+Detail.swift"; sourceTree = "<group>"; };
/* End PBXFileReference section */

/* Begin PBXFrameworksBuildPhase section */
		D4986C172821419F00BCD0B7 /* Frameworks */ = {
			isa = PBXFrameworksBuildPhase;
			buildActionMask = 2147483647;
			files = (
				D4FF94C42822EF4400C10CF5 /* DailyFXService in Frameworks */,
				D4986C762821679500BCD0B7 /* Toolkit in Frameworks */,
				D4986C7228215E1300BCD0B7 /* Foundational in Frameworks */,
				D4FF94C12822EF1F00C10CF5 /* OrderedCollections in Frameworks */,
			);
			runOnlyForDeploymentPostprocessing = 0;
		};
/* End PBXFrameworksBuildPhase section */

/* Begin PBXGroup section */
		D4986C112821419F00BCD0B7 = {
			isa = PBXGroup;
			children = (
				D4986C4D2821455900BCD0B7 /* Packages */,
				D4986C1C2821419F00BCD0B7 /* DailyFX */,
				D4986C1B2821419F00BCD0B7 /* Products */,
				D4FF94C22822EF4400C10CF5 /* Frameworks */,
			);
			sourceTree = "<group>";
		};
		D4986C1B2821419F00BCD0B7 /* Products */ = {
			isa = PBXGroup;
			children = (
				D4986C1A2821419F00BCD0B7 /* DailyFX.app */,
			);
			name = Products;
			sourceTree = "<group>";
		};
		D4986C1C2821419F00BCD0B7 /* DailyFX */ = {
			isa = PBXGroup;
			children = (
				D4986C2B282141A000BCD0B7 /* Info.plist */,
				D4986C1D2821419F00BCD0B7 /* AppDelegate.swift */,
				D4986C1F2821419F00BCD0B7 /* SceneDelegate.swift */,
				D4986C26282141A000BCD0B7 /* Assets.xcassets */,
				D4FC737B282173D700A6B98D /* Views */,
			);
			path = DailyFX;
			sourceTree = "<group>";
		};
		D4986C4D2821455900BCD0B7 /* Packages */ = {
			isa = PBXGroup;
			children = (
				D4986C6D28215D8400BCD0B7 /* DailyFXService */,
				D4986C73282166E600BCD0B7 /* Toolkit */,
				D4986C4E2821457B00BCD0B7 /* Foundational */,
			);
			path = Packages;
			sourceTree = "<group>";
		};
		D4FC737B282173D700A6B98D /* Views */ = {
			isa = PBXGroup;
			children = (
				D4FC737C282173EB00A6B98D /* Dashboard+Overview.swift */,
				D4FC737928216A3300A6B98D /* Home.swift */,
				D4DC8C6B28217F3100F16778 /* Market+List.swift */,
				D4DC8C6928217E8B00F16778 /* Markets+Overview.swift */,
				D4FC73802821745000A6B98D /* NewsStory+Detail.swift */,
				D4FC737E2821740000A6B98D /* NewsStory+List.swift */,
			);
			path = Views;
			sourceTree = "<group>";
		};
		D4FF94C22822EF4400C10CF5 /* Frameworks */ = {
			isa = PBXGroup;
			children = (
			);
			name = Frameworks;
			sourceTree = "<group>";
		};
/* End PBXGroup section */

/* Begin PBXNativeTarget section */
		D4986C192821419F00BCD0B7 /* DailyFX */ = {
			isa = PBXNativeTarget;
			buildConfigurationList = D4986C44282141A000BCD0B7 /* Build configuration list for PBXNativeTarget "DailyFX" */;
			buildPhases = (
				D4986C162821419F00BCD0B7 /* Sources */,
				D4986C172821419F00BCD0B7 /* Frameworks */,
				D4986C182821419F00BCD0B7 /* Resources */,
			);
			buildRules = (
			);
			dependencies = (
			);
			name = DailyFX;
			packageProductDependencies = (
				D4986C7128215E1300BCD0B7 /* Foundational */,
				D4986C752821679500BCD0B7 /* Toolkit */,
				D4FF94C02822EF1F00C10CF5 /* OrderedCollections */,
				D4FF94C32822EF4400C10CF5 /* DailyFXService */,
			);
			productName = DailyFX;
			productReference = D4986C1A2821419F00BCD0B7 /* DailyFX.app */;
			productType = "com.apple.product-type.application";
		};
/* End PBXNativeTarget section */

/* Begin PBXProject section */
		D4986C122821419F00BCD0B7 /* Project object */ = {
			isa = PBXProject;
			attributes = {
				BuildIndependentTargetsInParallel = 1;
				LastSwiftUpdateCheck = 1330;
				LastUpgradeCheck = 1330;
				TargetAttributes = {
					D4986C192821419F00BCD0B7 = {
						CreatedOnToolsVersion = 13.3;
					};
				};
			};
			buildConfigurationList = D4986C152821419F00BCD0B7 /* Build configuration list for PBXProject "DailyFX" */;
			compatibilityVersion = "Xcode 13.0";
			developmentRegion = en;
			hasScannedForEncodings = 0;
			knownRegions = (
				en,
				Base,
			);
			mainGroup = D4986C112821419F00BCD0B7;
			packageReferences = (
				D4B9256328229212000132DB /* XCRemoteSwiftPackageReference "swift-collections" */,
			);
			productRefGroup = D4986C1B2821419F00BCD0B7 /* Products */;
			projectDirPath = "";
			projectRoot = "";
			targets = (
				D4986C192821419F00BCD0B7 /* DailyFX */,
			);
		};
/* End PBXProject section */

/* Begin PBXResourcesBuildPhase section */
		D4986C182821419F00BCD0B7 /* Resources */ = {
			isa = PBXResourcesBuildPhase;
			buildActionMask = 2147483647;
			files = (
				D4986C4F2821457B00BCD0B7 /* Foundational in Resources */,
				D4986C74282166E600BCD0B7 /* Toolkit in Resources */,
				D4986C27282141A000BCD0B7 /* Assets.xcassets in Resources */,
				D4986C6E28215D8400BCD0B7 /* DailyFXService in Resources */,
			);
			runOnlyForDeploymentPostprocessing = 0;
		};
/* End PBXResourcesBuildPhase section */

/* Begin PBXSourcesBuildPhase section */
		D4986C162821419F00BCD0B7 /* Sources */ = {
			isa = PBXSourcesBuildPhase;
			buildActionMask = 2147483647;
			files = (
				D4FC737D282173EB00A6B98D /* Dashboard+Overview.swift in Sources */,
				D4986C1E2821419F00BCD0B7 /* AppDelegate.swift in Sources */,
				D4DC8C6A28217E8B00F16778 /* Markets+Overview.swift in Sources */,
				D4FC737F2821740000A6B98D /* NewsStory+List.swift in Sources */,
				D4FC73812821745000A6B98D /* NewsStory+Detail.swift in Sources */,
				D4FC737A28216A3300A6B98D /* Home.swift in Sources */,
				D4986C202821419F00BCD0B7 /* SceneDelegate.swift in Sources */,
				D4DC8C6C28217F3100F16778 /* Market+List.swift in Sources */,
			);
			runOnlyForDeploymentPostprocessing = 0;
		};
/* End PBXSourcesBuildPhase section */

/* Begin XCBuildConfiguration section */
		D4986C42282141A000BCD0B7 /* Debug */ = {
			isa = XCBuildConfiguration;
			buildSettings = {
				ALWAYS_SEARCH_USER_PATHS = NO;
				CLANG_ANALYZER_NONNULL = YES;
				CLANG_ANALYZER_NUMBER_OBJECT_CONVERSION = YES_AGGRESSIVE;
				CLANG_CXX_LANGUAGE_STANDARD = "gnu++17";
				CLANG_ENABLE_MODULES = YES;
				CLANG_ENABLE_OBJC_ARC = YES;
				CLANG_ENABLE_OBJC_WEAK = YES;
				CLANG_WARN_BLOCK_CAPTURE_AUTORELEASING = YES;
				CLANG_WARN_BOOL_CONVERSION = YES;
				CLANG_WARN_COMMA = YES;
				CLANG_WARN_CONSTANT_CONVERSION = YES;
				CLANG_WARN_DEPRECATED_OBJC_IMPLEMENTATIONS = YES;
				CLANG_WARN_DIRECT_OBJC_ISA_USAGE = YES_ERROR;
				CLANG_WARN_DOCUMENTATION_COMMENTS = YES;
				CLANG_WARN_EMPTY_BODY = YES;
				CLANG_WARN_ENUM_CONVERSION = YES;
				CLANG_WARN_INFINITE_RECURSION = YES;
				CLANG_WARN_INT_CONVERSION = YES;
				CLANG_WARN_NON_LITERAL_NULL_CONVERSION = YES;
				CLANG_WARN_OBJC_IMPLICIT_RETAIN_SELF = YES;
				CLANG_WARN_OBJC_LITERAL_CONVERSION = YES;
				CLANG_WARN_OBJC_ROOT_CLASS = YES_ERROR;
				CLANG_WARN_QUOTED_INCLUDE_IN_FRAMEWORK_HEADER = YES;
				CLANG_WARN_RANGE_LOOP_ANALYSIS = YES;
				CLANG_WARN_STRICT_PROTOTYPES = YES;
				CLANG_WARN_SUSPICIOUS_MOVE = YES;
				CLANG_WARN_UNGUARDED_AVAILABILITY = YES_AGGRESSIVE;
				CLANG_WARN_UNREACHABLE_CODE = YES;
				CLANG_WARN__DUPLICATE_METHOD_MATCH = YES;
				COPY_PHASE_STRIP = NO;
				DEBUG_INFORMATION_FORMAT = dwarf;
				ENABLE_STRICT_OBJC_MSGSEND = YES;
				ENABLE_TESTABILITY = YES;
				GCC_C_LANGUAGE_STANDARD = gnu11;
				GCC_DYNAMIC_NO_PIC = NO;
				GCC_NO_COMMON_BLOCKS = YES;
				GCC_OPTIMIZATION_LEVEL = 0;
				GCC_PREPROCESSOR_DEFINITIONS = (
					"DEBUG=1",
					"$(inherited)",
				);
				GCC_WARN_64_TO_32_BIT_CONVERSION = YES;
				GCC_WARN_ABOUT_RETURN_TYPE = YES_ERROR;
				GCC_WARN_UNDECLARED_SELECTOR = YES;
				GCC_WARN_UNINITIALIZED_AUTOS = YES_AGGRESSIVE;
				GCC_WARN_UNUSED_FUNCTION = YES;
				GCC_WARN_UNUSED_VARIABLE = YES;
				IPHONEOS_DEPLOYMENT_TARGET = 15.4;
				MTL_ENABLE_DEBUG_INFO = INCLUDE_SOURCE;
				MTL_FAST_MATH = YES;
				ONLY_ACTIVE_ARCH = YES;
				SDKROOT = iphoneos;
				SWIFT_ACTIVE_COMPILATION_CONDITIONS = DEBUG;
				SWIFT_OPTIMIZATION_LEVEL = "-Onone";
			};
			name = Debug;
		};
		D4986C43282141A000BCD0B7 /* Release */ = {
			isa = XCBuildConfiguration;
			buildSettings = {
				ALWAYS_SEARCH_USER_PATHS = NO;
				CLANG_ANALYZER_NONNULL = YES;
				CLANG_ANALYZER_NUMBER_OBJECT_CONVERSION = YES_AGGRESSIVE;
				CLANG_CXX_LANGUAGE_STANDARD = "gnu++17";
				CLANG_ENABLE_MODULES = YES;
				CLANG_ENABLE_OBJC_ARC = YES;
				CLANG_ENABLE_OBJC_WEAK = YES;
				CLANG_WARN_BLOCK_CAPTURE_AUTORELEASING = YES;
				CLANG_WARN_BOOL_CONVERSION = YES;
				CLANG_WARN_COMMA = YES;
				CLANG_WARN_CONSTANT_CONVERSION = YES;
				CLANG_WARN_DEPRECATED_OBJC_IMPLEMENTATIONS = YES;
				CLANG_WARN_DIRECT_OBJC_ISA_USAGE = YES_ERROR;
				CLANG_WARN_DOCUMENTATION_COMMENTS = YES;
				CLANG_WARN_EMPTY_BODY = YES;
				CLANG_WARN_ENUM_CONVERSION = YES;
				CLANG_WARN_INFINITE_RECURSION = YES;
				CLANG_WARN_INT_CONVERSION = YES;
				CLANG_WARN_NON_LITERAL_NULL_CONVERSION = YES;
				CLANG_WARN_OBJC_IMPLICIT_RETAIN_SELF = YES;
				CLANG_WARN_OBJC_LITERAL_CONVERSION = YES;
				CLANG_WARN_OBJC_ROOT_CLASS = YES_ERROR;
				CLANG_WARN_QUOTED_INCLUDE_IN_FRAMEWORK_HEADER = YES;
				CLANG_WARN_RANGE_LOOP_ANALYSIS = YES;
				CLANG_WARN_STRICT_PROTOTYPES = YES;
				CLANG_WARN_SUSPICIOUS_MOVE = YES;
				CLANG_WARN_UNGUARDED_AVAILABILITY = YES_AGGRESSIVE;
				CLANG_WARN_UNREACHABLE_CODE = YES;
				CLANG_WARN__DUPLICATE_METHOD_MATCH = YES;
				COPY_PHASE_STRIP = NO;
				DEBUG_INFORMATION_FORMAT = "dwarf-with-dsym";
				ENABLE_NS_ASSERTIONS = NO;
				ENABLE_STRICT_OBJC_MSGSEND = YES;
				GCC_C_LANGUAGE_STANDARD = gnu11;
				GCC_NO_COMMON_BLOCKS = YES;
				GCC_WARN_64_TO_32_BIT_CONVERSION = YES;
				GCC_WARN_ABOUT_RETURN_TYPE = YES_ERROR;
				GCC_WARN_UNDECLARED_SELECTOR = YES;
				GCC_WARN_UNINITIALIZED_AUTOS = YES_AGGRESSIVE;
				GCC_WARN_UNUSED_FUNCTION = YES;
				GCC_WARN_UNUSED_VARIABLE = YES;
				IPHONEOS_DEPLOYMENT_TARGET = 15.4;
				MTL_ENABLE_DEBUG_INFO = NO;
				MTL_FAST_MATH = YES;
				SDKROOT = iphoneos;
				SWIFT_COMPILATION_MODE = wholemodule;
				SWIFT_OPTIMIZATION_LEVEL = "-O";
				VALIDATE_PRODUCT = YES;
			};
			name = Release;
		};
		D4986C45282141A000BCD0B7 /* Debug */ = {
			isa = XCBuildConfiguration;
			buildSettings = {
				ASSETCATALOG_COMPILER_APPICON_NAME = AppIcon;
				ASSETCATALOG_COMPILER_GLOBAL_ACCENT_COLOR_NAME = AccentColor;
				CODE_SIGN_STYLE = Automatic;
				CURRENT_PROJECT_VERSION = 1;
				DEVELOPMENT_TEAM = 2J5Z57S38N;
				GENERATE_INFOPLIST_FILE = YES;
				INFOPLIST_FILE = DailyFX/Info.plist;
				INFOPLIST_KEY_CFBundleDisplayName = "Daily FX";
				INFOPLIST_KEY_UIApplicationSupportsIndirectInputEvents = YES;
				INFOPLIST_KEY_UISupportedInterfaceOrientations_iPad = "UIInterfaceOrientationPortrait UIInterfaceOrientationPortraitUpsideDown UIInterfaceOrientationLandscapeLeft UIInterfaceOrientationLandscapeRight";
				INFOPLIST_KEY_UISupportedInterfaceOrientations_iPhone = "UIInterfaceOrientationPortrait UIInterfaceOrientationLandscapeLeft UIInterfaceOrientationLandscapeRight";
				LD_RUNPATH_SEARCH_PATHS = (
					"$(inherited)",
					"@executable_path/Frameworks",
				);
				MARKETING_VERSION = 1.0;
				PRODUCT_BUNDLE_IDENTIFIER = uk.co.noahknudsen.DailyFX;
				PRODUCT_NAME = "$(TARGET_NAME)";
				SWIFT_EMIT_LOC_STRINGS = YES;
				SWIFT_VERSION = 5.0;
				TARGETED_DEVICE_FAMILY = "1,2";
			};
			name = Debug;
		};
		D4986C46282141A000BCD0B7 /* Release */ = {
			isa = XCBuildConfiguration;
			buildSettings = {
				ASSETCATALOG_COMPILER_APPICON_NAME = AppIcon;
				ASSETCATALOG_COMPILER_GLOBAL_ACCENT_COLOR_NAME = AccentColor;
				CODE_SIGN_STYLE = Automatic;
				CURRENT_PROJECT_VERSION = 1;
				DEVELOPMENT_TEAM = 2J5Z57S38N;
				GENERATE_INFOPLIST_FILE = YES;
				INFOPLIST_FILE = DailyFX/Info.plist;
				INFOPLIST_KEY_CFBundleDisplayName = "Daily FX";
				INFOPLIST_KEY_UIApplicationSupportsIndirectInputEvents = YES;
				INFOPLIST_KEY_UISupportedInterfaceOrientations_iPad = "UIInterfaceOrientationPortrait UIInterfaceOrientationPortraitUpsideDown UIInterfaceOrientationLandscapeLeft UIInterfaceOrientationLandscapeRight";
				INFOPLIST_KEY_UISupportedInterfaceOrientations_iPhone = "UIInterfaceOrientationPortrait UIInterfaceOrientationLandscapeLeft UIInterfaceOrientationLandscapeRight";
				LD_RUNPATH_SEARCH_PATHS = (
					"$(inherited)",
					"@executable_path/Frameworks",
				);
				MARKETING_VERSION = 1.0;
				PRODUCT_BUNDLE_IDENTIFIER = uk.co.noahknudsen.DailyFX;
				PRODUCT_NAME = "$(TARGET_NAME)";
				SWIFT_EMIT_LOC_STRINGS = YES;
				SWIFT_VERSION = 5.0;
				TARGETED_DEVICE_FAMILY = "1,2";
			};
			name = Release;
		};
/* End XCBuildConfiguration section */

/* Begin XCConfigurationList section */
		D4986C152821419F00BCD0B7 /* Build configuration list for PBXProject "DailyFX" */ = {
			isa = XCConfigurationList;
			buildConfigurations = (
				D4986C42282141A000BCD0B7 /* Debug */,
				D4986C43282141A000BCD0B7 /* Release */,
			);
			defaultConfigurationIsVisible = 0;
			defaultConfigurationName = Release;
		};
		D4986C44282141A000BCD0B7 /* Build configuration list for PBXNativeTarget "DailyFX" */ = {
			isa = XCConfigurationList;
			buildConfigurations = (
				D4986C45282141A000BCD0B7 /* Debug */,
				D4986C46282141A000BCD0B7 /* Release */,
			);
			defaultConfigurationIsVisible = 0;
			defaultConfigurationName = Release;
		};
/* End XCConfigurationList section */

/* Begin XCRemoteSwiftPackageReference section */
		D4B9256328229212000132DB /* XCRemoteSwiftPackageReference "swift-collections" */ = {
			isa = XCRemoteSwiftPackageReference;
			repositoryURL = "https://github.com/apple/swift-collections.git";
			requirement = {
				kind = upToNextMajorVersion;
				minimumVersion = 1.0.0;
			};
		};
/* End XCRemoteSwiftPackageReference section */

/* Begin XCSwiftPackageProductDependency section */
		D4986C7128215E1300BCD0B7 /* Foundational */ = {
			isa = XCSwiftPackageProductDependency;
			productName = Foundational;
		};
		D4986C752821679500BCD0B7 /* Toolkit */ = {
			isa = XCSwiftPackageProductDependency;
			productName = Toolkit;
		};
		D4FF94C02822EF1F00C10CF5 /* OrderedCollections */ = {
			isa = XCSwiftPackageProductDependency;
			package = D4B9256328229212000132DB /* XCRemoteSwiftPackageReference "swift-collections" */;
			productName = OrderedCollections;
		};
		D4FF94C32822EF4400C10CF5 /* DailyFXService */ = {
			isa = XCSwiftPackageProductDependency;
			productName = DailyFXService;
		};
/* End XCSwiftPackageProductDependency section */
	};
	rootObject = D4986C122821419F00BCD0B7 /* Project object */;
}
